
Microsoft Visual Studio Solution File, Format Version 12.00
# Visual Studio 15
VisualStudioVersion = 15.0.26730.16
MinimumVisualStudioVersion = 10.0.40219.1
Project("{FAE04EC0-301F-11D3-BF4B-00C04F79EFBC}") = "OnlineShoppingDetails", "OnlineShoppingDetails\OnlineShoppingDetails.csproj", "{7254F218-994F-44B4-8AFC-1CE909481646}"
EndProject
Global
	GlobalSection(SolutionConfigurationPlatforms) = preSolution
		Debug|Any CPU = Debug|Any CPU
		Release|Any CPU = Release|Any CPU
	EndGlobalSection
	GlobalSection(ProjectConfigurationPlatforms) = postSolution
		{7254F218-994F-44B4-8AFC-1CE909481646}.Debug|Any CPU.ActiveCfg = Debug|Any CPU
		{7254F218-994F-44B4-8AFC-1CE909481646}.Debug|Any CPU.Build.0 = Debug|Any CPU
		{7254F218-994F-44B4-8AFC-1CE909481646}.Release|Any CPU.ActiveCfg = Release|Any CPU
		{7254F218-994F-44B4-8AFC-1CE909481646}.Release|Any CPU.Build.0 = Release|Any CPU
	EndGlobalSection
	GlobalSection(SolutionProperties) = preSolution
		HideSolutionNode = FALSE
	EndGlobalSection
	GlobalSection(ExtensibilityGlobals) = postSolution
		SolutionGuid = {0B714CD1-4BFB-4F92-8438-BF5C38FF7EEB}
	EndGlobalSection
EndGlobal
